<?xml version="1.0" encoding="utf-8"?>
<Project ToolsVersion="4.0" xmlns="http://schemas.microsoft.com/developer/msbuild/2003">
  <ItemGroup>
    <FxCompile Include="assets\shaders\FXAA_PS.hlsl" />
    <FxCompile Include="assets\shaders\FXAA_VS.hlsl" />
    <FxCompile Include="assets\shaders\GBufferPS.hlsl" />
    <FxCompile Include="assets\shaders\LightPassPS.hlsl" />
    <FxCompile Include="assets\shaders\GBufferVS.hlsl" />
    <FxCompile Include="assets\shaders\LightPassVS.hlsl" />
    <FxCompile Include="assets\shaders\ProjectorPS.hlsl" />
    <FxCompile Include="assets\shaders\ShadowMapVS.hlsl" />
    <FxCompile Include="assets\shaders\SkyboxPS.hlsl" />
    <FxCompile Include="assets\shaders\SkyboxVS.hlsl" />
  </ItemGroup>
  <ItemGroup>
    <ClCompile Include="src\Camera.cpp" />
    <ClCompile Include="src\ContentManager.cpp" />
    <ClCompile Include="src\GameAbstraction.cpp" />
    <ClCompile Include="src\InputData.cpp" />
    <ClCompile Include="src\IResource.cpp" />
    <ClCompile Include="src\LinkedList.cpp" />
    <ClCompile Include="src\Main.cpp" />
    <ClCompile Include="src\Material.cpp" />
    <ClCompile Include="src\Mesh.cpp" />
    <ClCompile Include="src\PlatformBase.cpp" />
    <ClCompile Include="src\Projector.cpp" />
    <ClCompile Include="src\Renderable.cpp" />
    <ClCompile Include="src\DX11Renderer.cpp" />
    <ClCompile Include="src\SimpleShader.cpp" />
    <ClCompile Include="src\StdThreadManager.cpp" />
    <ClCompile Include="src\TestGame.cpp" />
    <ClCompile Include="src\Texture.cpp" />
    <ClCompile Include="src\ThreadManager.cpp" />
    <ClCompile Include="src\Transform.cpp" />
    <ClCompile Include="src\TransformData.cpp" />
    <ClCompile Include="src\WindowsPlatform.cpp" />
    <ClCompile Include="src\TestJob.cpp" />
    <ClCompile Include="src\GenericJob.cpp" />
    <ClCompile Include="src\ContentJob.cpp" />
    <ClCompile Include="src\AudioManager.cpp" />
    <ClCompile Include="src\DirectXAudioManager.cpp" />
  </ItemGroup>
  <ItemGroup>
    <ClInclude Include="include\allocators\AllocatorSTLAdapter.h" />
    <ClInclude Include="include\allocators\BadBestFitAllocator.h" />
    <ClInclude Include="include\allocators\FixedBlockAllocator.h" />
    <ClInclude Include="include\allocators\globals.h" />
    <ClInclude Include="include\allocators\StackAllocator.h" />
    <ClInclude Include="include\Camera.h" />
    <ClInclude Include="include\ContentManager.h" />
    <ClInclude Include="include\DirectionalLight.h" />
    <ClInclude Include="include\ECS.h" />
    <ClInclude Include="include\GameAbstraction.h" />
    <ClInclude Include="include\GameObject.h" />
    <ClInclude Include="include\GenericJob.h" />
    <ClInclude Include="include\GraphicsTypes.h" />
    <ClInclude Include="include\GraphicsDevice.h" />
    <ClInclude Include="include\ContentJob.h" />
    <ClInclude Include="include\Handles.h" />
    <ClInclude Include="include\Renderer.h" />
    <ClInclude Include="include\InputData.h" />
    <ClInclude Include="include\LinkedList.h" />
    <ClInclude Include="include\PlatformBase.h" />
    <ClInclude Include="include\Projector.h" />
    <ClInclude Include="include\Renderable.h" />
    <ClInclude Include="include\Material.h" />
    <ClInclude Include="include\Mesh.h" />
    <ClInclude Include="include\IResource.h" />
    <ClInclude Include="include\RenderJob.h" />
    <ClInclude Include="include\DX11Renderer.h" />
    <ClInclude Include="include\ShaderStructs.h" />
    <ClInclude Include="include\SimpleShader.h" />
    <ClInclude Include="include\StdThreadManager.h" />
    <ClInclude Include="include\TestGame.h" />
    <ClInclude Include="include\Texture.h" />
    <ClInclude Include="include\ThreadManager.h" />
    <ClInclude Include="include\Transform.h" />
    <ClInclude Include="include\TransformData.h" />
    <ClInclude Include="include\Vertex.h" />
    <ClInclude Include="include\WindowsPlatform.h" />
    <ClInclude Include="include\TestJob.h" />
    <ClInclude Include="include\AudioManager.h" />
    <ClInclude Include="include\DirectXAudioManager.h" />
  </ItemGroup>
</Project>